// !$*UTF8*$!
{
	archiveVersion = 1;
	classes = {
	};
	objectVersion = 46;
	objects = {

/* Begin PBXBuildFile section */
		F01EE7041DDEEFF800A7A499 /* main.m in Sources */ = {isa = PBXBuildFile; fileRef = F01EE7031DDEEFF800A7A499 /* main.m */; };
		F01EE7071DDEEFF800A7A499 /* AppDelegate.m in Sources */ = {isa = PBXBuildFile; fileRef = F01EE7061DDEEFF800A7A499 /* AppDelegate.m */; };
		F01EE70A1DDEEFF800A7A499 /* ViewController.m in Sources */ = {isa = PBXBuildFile; fileRef = F01EE7091DDEEFF800A7A499 /* ViewController.m */; };
		F01EE70D1DDEEFF800A7A499 /* Main.storyboard in Resources */ = {isa = PBXBuildFile; fileRef = F01EE70B1DDEEFF800A7A499 /* Main.storyboard */; };
		F01EE70F1DDEEFF800A7A499 /* Assets.xcassets in Resources */ = {isa = PBXBuildFile; fileRef = F01EE70E1DDEEFF800A7A499 /* Assets.xcassets */; };
		F01EE7121DDEEFF800A7A499 /* LaunchScreen.storyboard in Resources */ = {isa = PBXBuildFile; fileRef = F01EE7101DDEEFF800A7A499 /* LaunchScreen.storyboard */; };
		F01EE71D1DDEEFF800A7A499 /* facebookDemoTests.m in Sources */ = {isa = PBXBuildFile; fileRef = F01EE71C1DDEEFF800A7A499 /* facebookDemoTests.m */; };
		F01EE7281DDEEFF800A7A499 /* facebookDemoUITests.m in Sources */ = {isa = PBXBuildFile; fileRef = F01EE7271DDEEFF800A7A499 /* facebookDemoUITests.m */; };
/* End PBXBuildFile section */

/* Begin PBXContainerItemProxy section */
		F01EE7191DDEEFF800A7A499 /* PBXContainerItemProxy */ = {
			isa = PBXContainerItemProxy;
			containerPortal = F01EE6F71DDEEFF800A7A499 /* Project object */;
			proxyType = 1;
			remoteGlobalIDString = F01EE6FE1DDEEFF800A7A499;
			remoteInfo = facebookDemo;
		};
		F01EE7241DDEEFF800A7A499 /* PBXContainerItemProxy */ = {
			isa = PBXContainerItemProxy;
			containerPortal = F01EE6F71DDEEFF800A7A499 /* Project object */;
			proxyType = 1;
			remoteGlobalIDString = F01EE6FE1DDEEFF800A7A499;
			remoteInfo = facebookDemo;
		};
/* End PBXContainerItemProxy section */

/* Begin PBXFileReference section */
		F01EE6FF1DDEEFF800A7A499 /* facebookDemo.app */ = {isa = PBXFileReference; explicitFileType = wrapper.application; includeInIndex = 0; path = facebookDemo.app; sourceTree = BUILT_PRODUCTS_DIR; };
		F01EE7031DDEEFF800A7A499 /* main.m */ = {isa = PBXFileReference; lastKnownFileType = sourcecode.c.objc; path = main.m; sourceTree = "<group>"; };
		F01EE7051DDEEFF800A7A499 /* AppDelegate.h */ = {isa = PBXFileReference; lastKnownFileType = sourcecode.c.h; path = AppDelegate.h; sourceTree = "<group>"; };
		F01EE7061DDEEFF800A7A499 /* AppDelegate.m */ = {isa = PBXFileReference; lastKnownFileType = sourcecode.c.objc; path = AppDelegate.m; sourceTree = "<group>"; };
		F01EE7081DDEEFF800A7A499 /* ViewController.h */ = {isa = PBXFileReference; lastKnownFileType = sourcecode.c.h; path = ViewController.h; sourceTree = "<group>"; };
		F01EE7091DDEEFF800A7A499 /* ViewController.m */ = {isa = PBXFileReference; lastKnownFileType = sourcecode.c.objc; path = ViewController.m; sourceTree = "<group>"; };
		F01EE70C1DDEEFF800A7A499 /* Base */ = {isa = PBXFileReference; lastKnownFileType = file.storyboard; name = Base; path = Base.lproj/Main.storyboard; sourceTree = "<group>"; };
		F01EE70E1DDEEFF800A7A499 /* Assets.xcassets */ = {isa = PBXFileReference; lastKnownFileType = folder.assetcatalog; path = Assets.xcassets; sourceTree = "<group>"; };
		F01EE7111DDEEFF800A7A499 /* Base */ = {isa = PBXFileReference; lastKnownFileType = file.storyboard; name = Base; path = Base.lproj/LaunchScreen.storyboard; sourceTree = "<group>"; };
		F01EE7131DDEEFF800A7A499 /* Info.plist */ = {isa = PBXFileReference; lastKnownFileType = text.plist.xml; path = Info.plist; sourceTree = "<group>"; };
		F01EE7181DDEEFF800A7A499 /* facebookDemoTests.xctest */ = {isa = PBXFileReference; explicitFileType = wrapper.cfbundle; includeInIndex = 0; path = facebookDemoTests.xctest; sourceTree = BUILT_PRODUCTS_DIR; };
		F01EE71C1DDEEFF800A7A499 /* facebookDemoTests.m */ = {isa = PBXFileReference; lastKnownFileType = sourcecode.c.objc; path = facebookDemoTests.m; sourceTree = "<group>"; };
		F01EE71E1DDEEFF800A7A499 /* Info.plist */ = {isa = PBXFileReference; lastKnownFileType = text.plist.xml; path = Info.plist; sourceTree = "<group>"; };
		F01EE7231DDEEFF800A7A499 /* facebookDemoUITests.xctest */ = {isa = PBXFileReference; explicitFileType = wrapper.cfbundle; includeInIndex = 0; path = facebookDemoUITests.xctest; sourceTree = BUILT_PRODUCTS_DIR; };
		F01EE7271DDEEFF800A7A499 /* facebookDemoUITests.m */ = {isa = PBXFileReference; lastKnownFileType = sourcecode.c.objc; path = facebookDemoUITests.m; sourceTree = "<group>"; };
		F01EE7291DDEEFF800A7A499 /* Info.plist */ = {isa = PBXFileReference; lastKnownFileType = text.plist.xml; path = Info.plist; sourceTree = "<group>"; };
/* End PBXFileReference section */

/* Begin PBXFrameworksBuildPhase section */
		F01EE6FC1DDEEFF800A7A499 /* Frameworks */ = {
			isa = PBXFrameworksBuildPhase;
			buildActionMask = 2147483647;
			files = (
			);
			runOnlyForDeploymentPostprocessing = 0;
		};
		F01EE7151DDEEFF800A7A499 /* Frameworks */ = {
			isa = PBXFrameworksBuildPhase;
			buildActionMask = 2147483647;
			files = (
			);
			runOnlyForDeploymentPostprocessing = 0;
		};
		F01EE7201DDEEFF800A7A499 /* Frameworks */ = {
			isa = PBXFrameworksBuildPhase;
			buildActionMask = 2147483647;
			files = (
			);
			runOnlyForDeploymentPostprocessing = 0;
		};
/* End PBXFrameworksBuildPhase section */

/* Begin PBXGroup section */
		F01EE6F61DDEEFF800A7A499 = {
			isa = PBXGroup;
			children = (
				F01EE7011DDEEFF800A7A499 /* facebookDemo */,
				F01EE71B1DDEEFF800A7A499 /* facebookDemoTests */,
				F01EE7261DDEEFF800A7A499 /* facebookDemoUITests */,
				F01EE7001DDEEFF800A7A499 /* Products */,
			);
			sourceTree = "<group>";
		};
		F01EE7001DDEEFF800A7A499 /* Products */ = {
			isa = PBXGroup;
			children = (
				F01EE6FF1DDEEFF800A7A499 /* facebookDemo.app */,
				F01EE7181DDEEFF800A7A499 /* facebookDemoTests.xctest */,
				F01EE7231DDEEFF800A7A499 /* facebookDemoUITests.xctest */,
			);
			name = Products;
			sourceTree = "<group>";
		};
		F01EE7011DDEEFF800A7A499 /* facebookDemo */ = {
			isa = PBXGroup;
			children = (
				F01EE7051DDEEFF800A7A499 /* AppDelegate.h */,
				F01EE7061DDEEFF800A7A499 /* AppDelegate.m */,
				F01EE7081DDEEFF800A7A499 /* ViewController.h */,
				F01EE7091DDEEFF800A7A499 /* ViewController.m */,
				F01EE70B1DDEEFF800A7A499 /* Main.storyboard */,
				F01EE70E1DDEEFF800A7A499 /* Assets.xcassets */,
				F01EE7101DDEEFF800A7A499 /* LaunchScreen.storyboard */,
				F01EE7131DDEEFF800A7A499 /* Info.plist */,
				F01EE7021DDEEFF800A7A499 /* Supporting Files */,
			);
			path = facebookDemo;
			sourceTree = "<group>";
		};
		F01EE7021DDEEFF800A7A499 /* Supporting Files */ = {
			isa = PBXGroup;
			children = (
				F01EE7031DDEEFF800A7A499 /* main.m */,
			);
			name = "Supporting Files";
			sourceTree = "<group>";
		};
		F01EE71B1DDEEFF800A7A499 /* facebookDemoTests */ = {
			isa = PBXGroup;
			children = (
				F01EE71C1DDEEFF800A7A499 /* facebookDemoTests.m */,
				F01EE71E1DDEEFF800A7A499 /* Info.plist */,
			);
			path = facebookDemoTests;
			sourceTree = "<group>";
		};
		F01EE7261DDEEFF800A7A499 /* facebookDemoUITests */ = {
			isa = PBXGroup;
			children = (
				F01EE7271DDEEFF800A7A499 /* facebookDemoUITests.m */,
				F01EE7291DDEEFF800A7A499 /* Info.plist */,
			);
			path = facebookDemoUITests;
			sourceTree = "<group>";
		};
/* End PBXGroup section */

/* Begin PBXNativeTarget section */
		F01EE6FE1DDEEFF800A7A499 /* facebookDemo */ = {
			isa = PBXNativeTarget;
			buildConfigurationList = F01EE72C1DDEEFF800A7A499 /* Build configuration list for PBXNativeTarget "facebookDemo" */;
			buildPhases = (
				F01EE6FB1DDEEFF800A7A499 /* Sources */,
				F01EE6FC1DDEEFF800A7A499 /* Frameworks */,
				F01EE6FD1DDEEFF800A7A499 /* Resources */,
			);
			buildRules = (
			);
			dependencies = (
			);
			name = facebookDemo;
			productName = facebookDemo;
			productReference = F01EE6FF1DDEEFF800A7A499 /* facebookDemo.app */;
			productType = "com.apple.product-type.application";
		};
		F01EE7171DDEEFF800A7A499 /* facebookDemoTests */ = {
			isa = PBXNativeTarget;
			buildConfigurationList = F01EE72F1DDEEFF800A7A499 /* Build configuration list for PBXNativeTarget "facebookDemoTests" */;
			buildPhases = (
				F01EE7141DDEEFF800A7A499 /* Sources */,
				F01EE7151DDEEFF800A7A499 /* Frameworks */,
				F01EE7161DDEEFF800A7A499 /* Resources */,
			);
			buildRules = (
			);
			dependencies = (
				F01EE71A1DDEEFF800A7A499 /* PBXTargetDependency */,
			);
			name = facebookDemoTests;
			productName = facebookDemoTests;
			productReference = F01EE7181DDEEFF800A7A499 /* facebookDemoTests.xctest */;
			productType = "com.apple.product-type.bundle.unit-test";
		};
		F01EE7221DDEEFF800A7A499 /* facebookDemoUITests */ = {
			isa = PBXNativeTarget;
			buildConfigurationList = F01EE7321DDEEFF800A7A499 /* Build configuration list for PBXNativeTarget "facebookDemoUITests" */;
			buildPhases = (
				F01EE71F1DDEEFF800A7A499 /* Sources */,
				F01EE7201DDEEFF800A7A499 /* Frameworks */,
				F01EE7211DDEEFF800A7A499 /* Resources */,
			);
			buildRules = (
			);
			dependencies = (
				F01EE7251DDEEFF800A7A499 /* PBXTargetDependency */,
			);
			name = facebookDemoUITests;
			productName = facebookDemoUITests;
			productReference = F01EE7231DDEEFF800A7A499 /* facebookDemoUITests.xctest */;
			productType = "com.apple.product-type.bundle.ui-testing";
		};
/* End PBXNativeTarget section */

/* Begin PBXProject section */
		F01EE6F71DDEEFF800A7A499 /* Project object */ = {
			isa = PBXProject;
			attributes = {
				LastUpgradeCheck = 0810;
				ORGANIZATIONNAME = shuzhenguo;
				TargetAttributes = {
					F01EE6FE1DDEEFF800A7A499 = {
						CreatedOnToolsVersion = 8.1;
						ProvisioningStyle = Automatic;
					};
					F01EE7171DDEEFF800A7A499 = {
						CreatedOnToolsVersion = 8.1;
						ProvisioningStyle = Automatic;
						TestTargetID = F01EE6FE1DDEEFF800A7A499;
					};
					F01EE7221DDEEFF800A7A499 = {
						CreatedOnToolsVersion = 8.1;
						ProvisioningStyle = Automatic;
						TestTargetID = F01EE6FE1DDEEFF800A7A499;
					};
				};
			};
			buildConfigurationList = F01EE6FA1DDEEFF800A7A499 /* Build configuration list for PBXProject "facebookDemo" */;
			compatibilityVersion = "Xcode 3.2";
			developmentRegion = English;
			hasScannedForEncodings = 0;
			knownRegions = (
				en,
				Base,
			);
			mainGroup = F01EE6F61DDEEFF800A7A499;
			productRefGroup = F01EE7001DDEEFF800A7A499 /* Products */;
			projectDirPath = "";
			projectRoot = "";
			targets = (
				F01EE6FE1DDEEFF800A7A499 /* facebookDemo */,
				F01EE7171DDEEFF800A7A499 /* facebookDemoTests */,
				F01EE7221DDEEFF800A7A499 /* facebookDemoUITests */,
			);
		};
/* End PBXProject section */

/* Begin PBXResourcesBuildPhase section */
		F01EE6FD1DDEEFF800A7A499 /* Resources */ = {
			isa = PBXResourcesBuildPhase;
			buildActionMask = 2147483647;
			files = (
				F01EE7121DDEEFF800A7A499 /* LaunchScreen.storyboard in Resources */,
				F01EE70F1DDEEFF800A7A499 /* Assets.xcassets in Resources */,
				F01EE70D1DDEEFF800A7A499 /* Main.storyboard in Resources */,
			);
			runOnlyForDeploymentPostprocessing = 0;
		};
		F01EE7161DDEEFF800A7A499 /* Resources */ = {
			isa = PBXResourcesBuildPhase;
			buildActionMask = 2147483647;
			files = (
			);
			runOnlyForDeploymentPostprocessing = 0;
		};
		F01EE7211DDEEFF800A7A499 /* Resources */ = {
			isa = PBXResourcesBuildPhase;
			buildActionMask = 2147483647;
			files = (
			);
			runOnlyForDeploymentPostprocessing = 0;
		};
/* End PBXResourcesBuildPhase section */

/* Begin PBXSourcesBuildPhase section */
		F01EE6FB1DDEEFF800A7A499 /* Sources */ = {
			isa = PBXSourcesBuildPhase;
			buildActionMask = 2147483647;
			files = (
				F01EE70A1DDEEFF800A7A499 /* ViewController.m in Sources */,
				F01EE7071DDEEFF800A7A499 /* AppDelegate.m in Sources */,
				F01EE7041DDEEFF800A7A499 /* main.m in Sources */,
			);
			runOnlyForDeploymentPostprocessing = 0;
		};
		F01EE7141DDEEFF800A7A499 /* Sources */ = {
			isa = PBXSourcesBuildPhase;
			buildActionMask = 2147483647;
			files = (
				F01EE71D1DDEEFF800A7A499 /* facebookDemoTests.m in Sources */,
			);
			runOnlyForDeploymentPostprocessing = 0;
		};
		F01EE71F1DDEEFF800A7A499 /* Sources */ = {
			isa = PBXSourcesBuildPhase;
			buildActionMask = 2147483647;
			files = (
				F01EE7281DDEEFF800A7A499 /* facebookDemoUITests.m in Sources */,
			);
			runOnlyForDeploymentPostprocessing = 0;
		};
/* End PBXSourcesBuildPhase section */

/* Begin PBXTargetDependency section */
		F01EE71A1DDEEFF800A7A499 /* PBXTargetDependency */ = {
			isa = PBXTargetDependency;
			target = F01EE6FE1DDEEFF800A7A499 /* facebookDemo */;
			targetProxy = F01EE7191DDEEFF800A7A499 /* PBXContainerItemProxy */;
		};
		F01EE7251DDEEFF800A7A499 /* PBXTargetDependency */ = {
			isa = PBXTargetDependency;
			target = F01EE6FE1DDEEFF800A7A499 /* facebookDemo */;
			targetProxy = F01EE7241DDEEFF800A7A499 /* PBXContainerItemProxy */;
		};
/* End PBXTargetDependency section */

/* Begin PBXVariantGroup section */
		F01EE70B1DDEEFF800A7A499 /* Main.storyboard */ = {
			isa = PBXVariantGroup;
			children = (
				F01EE70C1DDEEFF800A7A499 /* Base */,
			);
			name = Main.storyboard;
			sourceTree = "<group>";
		};
		F01EE7101DDEEFF800A7A499 /* LaunchScreen.storyboard */ = {
			isa = PBXVariantGroup;
			children = (
				F01EE7111DDEEFF800A7A499 /* Base */,
			);
			name = LaunchScreen.storyboard;
			sourceTree = "<group>";
		};
/* End PBXVariantGroup section */

/* Begin XCBuildConfiguration section */
		F01EE72A1DDEEFF800A7A499 /* Debug */ = {
			isa = XCBuildConfiguration;
			buildSettings = {
				ALWAYS_SEARCH_USER_PATHS = NO;
				CLANG_ANALYZER_NONNULL = YES;
				CLANG_CXX_LANGUAGE_STANDARD = "gnu++0x";
				CLANG_CXX_LIBRARY = "libc++";
				CLANG_ENABLE_MODULES = YES;
				CLANG_ENABLE_OBJC_ARC = YES;
				CLANG_WARN_BOOL_CONVERSION = YES;
				CLANG_WARN_CONSTANT_CONVERSION = YES;
				CLANG_WARN_DIRECT_OBJC_ISA_USAGE = YES_ERROR;
				CLANG_WARN_DOCUMENTATION_COMMENTS = YES;
				CLANG_WARN_EMPTY_BODY = YES;
				CLANG_WARN_ENUM_CONVERSION = YES;
				CLANG_WARN_INFINITE_RECURSION = YES;
				CLANG_WARN_INT_CONVERSION = YES;
				CLANG_WARN_OBJC_ROOT_CLASS = YES_ERROR;
				CLANG_WARN_SUSPICIOUS_MOVES = YES;
				CLANG_WARN_UNREACHABLE_CODE = YES;
				CLANG_WARN__DUPLICATE_METHOD_MATCH = YES;
				"CODE_SIGN_IDENTITY[sdk=iphoneos*]" = "iPhone Developer";
				COPY_PHASE_STRIP = NO;
				DEBUG_INFORMATION_FORMAT = dwarf;
				ENABLE_STRICT_OBJC_MSGSEND = YES;
				ENABLE_TESTABILITY = YES;
				GCC_C_LANGUAGE_STANDARD = gnu99;
				GCC_DYNAMIC_NO_PIC = NO;
				GCC_NO_COMMON_BLOCKS = YES;
				GCC_OPTIMIZATION_LEVEL = 0;
				GCC_PREPROCESSOR_DEFINITIONS = (
					"DEBUG=1",
					"$(inherited)",
				);
				GCC_WARN_64_TO_32_BIT_CONVERSION = YES;
				GCC_WARN_ABOUT_RETURN_TYPE = YES_ERROR;
				GCC_WARN_UNDECLARED_SELECTOR = YES;
				GCC_WARN_UNINITIALIZED_AUTOS = YES_AGGRESSIVE;
				GCC_WARN_UNUSED_FUNCTION = YES;
				GCC_WARN_UNUSED_VARIABLE = YES;
				IPHONEOS_DEPLOYMENT_TARGET = 10.1;
				MTL_ENABLE_DEBUG_INFO = YES;
				ONLY_ACTIVE_ARCH = YES;
				SDKROOT = iphoneos;
				TARGETED_DEVICE_FAMILY = "1,2";
			};
			name = Debug;
		};
		F01EE72B1DDEEFF800A7A499 /* Release */ = {
			isa = XCBuildConfiguration;
			buildSettings = {
				ALWAYS_SEARCH_USER_PATHS = NO;
				CLANG_ANALYZER_NONNULL = YES;
				CLANG_CXX_LANGUAGE_STANDARD = "gnu++0x";
				CLANG_CXX_LIBRARY = "libc++";
				CLANG_ENABLE_MODULES = YES;
				CLANG_ENABLE_OBJC_ARC = YES;
				CLANG_WARN_BOOL_CONVERSION = YES;
				CLANG_WARN_CONSTANT_CONVERSION = YES;
				CLANG_WARN_DIRECT_OBJC_ISA_USAGE = YES_ERROR;
				CLANG_WARN_DOCUMENTATION_COMMENTS = YES;
				CLANG_WARN_EMPTY_BODY = YES;
				CLANG_WARN_ENUM_CONVERSION = YES;
				CLANG_WARN_INFINITE_RECURSION = YES;
				CLANG_WARN_INT_CONVERSION = YES;
				CLANG_WARN_OBJC_ROOT_CLASS = YES_ERROR;
				CLANG_WARN_SUSPICIOUS_MOVES = YES;
				CLANG_WARN_UNREACHABLE_CODE = YES;
				CLANG_WARN__DUPLICATE_METHOD_MATCH = YES;
				"CODE_SIGN_IDENTITY[sdk=iphoneos*]" = "iPhone Developer";
				COPY_PHASE_STRIP = NO;
				DEBUG_INFORMATION_FORMAT = "dwarf-with-dsym";
				ENABLE_NS_ASSERTIONS = NO;
				ENABLE_STRICT_OBJC_MSGSEND = YES;
				GCC_C_LANGUAGE_STANDARD = gnu99;
				GCC_NO_COMMON_BLOCKS = YES;
				GCC_WARN_64_TO_32_BIT_CONVERSION = YES;
				GCC_WARN_ABOUT_RETURN_TYPE = YES_ERROR;
				GCC_WARN_UNDECLARED_SELECTOR = YES;
				GCC_WARN_UNINITIALIZED_AUTOS = YES_AGGRESSIVE;
				GCC_WARN_UNUSED_FUNCTION = YES;
				GCC_WARN_UNUSED_VARIABLE = YES;
				IPHONEOS_DEPLOYMENT_TARGET = 10.1;
				MTL_ENABLE_DEBUG_INFO = NO;
				SDKROOT = iphoneos;
				TARGETED_DEVICE_FAMILY = "1,2";
				VALIDATE_PRODUCT = YES;
			};
			name = Release;
		};
		F01EE72D1DDEEFF800A7A499 /* Debug */ = {
			isa = XCBuildConfiguration;
			buildSettings = {
				ASSETCATALOG_COMPILER_APPICON_NAME = AppIcon;
				INFOPLIST_FILE = facebookDemo/Info.plist;
				LD_RUNPATH_SEARCH_PATHS = "$(inherited) @executable_path/Frameworks";
				PRODUCT_BUNDLE_IDENTIFIER = com.nightMode.facebookDemo;
				PRODUCT_NAME = "$(TARGET_NAME)";
			};
			name = Debug;
		};
		F01EE72E1DDEEFF800A7A499 /* Release */ = {
			isa = XCBuildConfiguration;
			buildSettings = {
				ASSETCATALOG_COMPILER_APPICON_NAME = AppIcon;
				INFOPLIST_FILE = facebookDemo/Info.plist;
				LD_RUNPATH_SEARCH_PATHS = "$(inherited) @executable_path/Frameworks";
				PRODUCT_BUNDLE_IDENTIFIER = com.nightMode.facebookDemo;
				PRODUCT_NAME = "$(TARGET_NAME)";
			};
			name = Release;
		};
		F01EE7301DDEEFF800A7A499 /* Debug */ = {
			isa = XCBuildConfiguration;
			buildSettings = {
				BUNDLE_LOADER = "$(TEST_HOST)";
				INFOPLIST_FILE = facebookDemoTests/Info.plist;
				LD_RUNPATH_SEARCH_PATHS = "$(inherited) @executable_path/Frameworks @loader_path/Frameworks";
				PRODUCT_BUNDLE_IDENTIFIER = com.nightMode.facebookDemoTests;
				PRODUCT_NAME = "$(TARGET_NAME)";
				TEST_HOST = "$(BUILT_PRODUCTS_DIR)/facebookDemo.app/facebookDemo";
			};
			name = Debug;
		};
		F01EE7311DDEEFF800A7A499 /* Release */ = {
			isa = XCBuildConfiguration;
			buildSettings = {
				BUNDLE_LOADER = "$(TEST_HOST)";
				INFOPLIST_FILE = facebookDemoTests/Info.plist;
				LD_RUNPATH_SEARCH_PATHS = "$(inherited) @executable_path/Frameworks @loader_path/Frameworks";
				PRODUCT_BUNDLE_IDENTIFIER = com.nightMode.facebookDemoTests;
				PRODUCT_NAME = "$(TARGET_NAME)";
				TEST_HOST = "$(BUILT_PRODUCTS_DIR)/facebookDemo.app/facebookDemo";
			};
			name = Release;
		};
		F01EE7331DDEEFF800A7A499 /* Debug */ = {
			isa = XCBuildConfiguration;
			buildSettings = {
				INFOPLIST_FILE = facebookDemoUITests/Info.plist;
				LD_RUNPATH_SEARCH_PATHS = "$(inherited) @executable_path/Frameworks @loader_path/Frameworks";
				PRODUCT_BUNDLE_IDENTIFIER = com.nightMode.facebookDemoUITests;
				PRODUCT_NAME = "$(TARGET_NAME)";
				TEST_TARGET_NAME = facebookDemo;
			};
			name = Debug;
		};
		F01EE7341DDEEFF800A7A499 /* Release */ = {
			isa = XCBuildConfiguration;
			buildSettings = {
				INFOPLIST_FILE = facebookDemoUITests/Info.plist;
				LD_RUNPATH_SEARCH_PATHS = "$(inherited) @executable_path/Frameworks @loader_path/Frameworks";
				PRODUCT_BUNDLE_IDENTIFIER = com.nightMode.facebookDemoUITests;
				PRODUCT_NAME = "$(TARGET_NAME)";
				TEST_TARGET_NAME = facebookDemo;
			};
			name = Release;
		};
/* End XCBuildConfiguration section */

/* Begin XCConfigurationList section */
		F01EE6FA1DDEEFF800A7A499 /* Build configuration list for PBXProject "facebookDemo" */ = {
			isa = XCConfigurationList;
			buildConfigurations = (
				F01EE72A1DDEEFF800A7A499 /* Debug */,
				F01EE72B1DDEEFF800A7A499 /* Release */,
			);
			defaultConfigurationIsVisible = 0;
			defaultConfigurationName = Release;
		};
		F01EE72C1DDEEFF800A7A499 /* Build configuration list for PBXNativeTarget "facebookDemo" */ = {
			isa = XCConfigurationList;
			buildConfigurations = (
				F01EE72D1DDEEFF800A7A499 /* Debug */,
				F01EE72E1DDEEFF800A7A499 /* Release */,
			);
			defaultConfigurationIsVisible = 0;
		};
		F01EE72F1DDEEFF800A7A499 /* Build configuration list for PBXNativeTarget "facebookDemoTests" */ = {
			isa = XCConfigurationList;
			buildConfigurations = (
				F01EE7301DDEEFF800A7A499 /* Debug */,
				F01EE7311DDEEFF800A7A499 /* Release */,
			);
			defaultConfigurationIsVisible = 0;
		};
		F01EE7321DDEEFF800A7A499 /* Build configuration list for PBXNativeTarget "facebookDemoUITests" */ = {
			isa = XCConfigurationList;
			buildConfigurations = (
				F01EE7331DDEEFF800A7A499 /* Debug */,
				F01EE7341DDEEFF800A7A499 /* Release */,
			);
			defaultConfigurationIsVisible = 0;
		};
/* End XCConfigurationList section */
	};
	rootObject = F01EE6F71DDEEFF800A7A499 /* Project object */;
}
